
Microsoft Visual Studio Solution File, Format Version 12.00
# Visual Studio Version 17
VisualStudioVersion = 17.10.35122.118
MinimumVisualStudioVersion = 10.0.40219.1
Project("{FAE04EC0-301F-11D3-BF4B-00C04F79EFBC}") = "FluentValidationApp.Web", "FluentValidationApp.Web\FluentValidationApp.Web.csproj", "{6E57241F-A175-406F-B5E1-034CC2783C42}"
EndProject
Global
	GlobalSection(SolutionConfigurationPlatforms) = preSolution
		Debug|Any CPU = Debug|Any CPU
		Release|Any CPU = Release|Any CPU
	EndGlobalSection
	GlobalSection(ProjectConfigurationPlatforms) = postSolution
		{6E57241F-A175-406F-B5E1-034CC2783C42}.Debug|Any CPU.ActiveCfg = Debug|Any CPU
		{6E57241F-A175-406F-B5E1-034CC2783C42}.Debug|Any CPU.Build.0 = Debug|Any CPU
		{6E57241F-A175-406F-B5E1-034CC2783C42}.Release|Any CPU.ActiveCfg = Release|Any CPU
		{6E57241F-A175-406F-B5E1-034CC2783C42}.Release|Any CPU.Build.0 = Release|Any CPU
	EndGlobalSection
	GlobalSection(SolutionProperties) = preSolution
		HideSolutionNode = FALSE
	EndGlobalSection
	GlobalSection(ExtensibilityGlobals) = postSolution
		SolutionGuid = {53475304-38E8-4CDD-95D3-D0E1CFBD8772}
	EndGlobalSection
EndGlobal
